
Microsoft Visual Studio Solution File, Format Version 12.00
# Visual Studio Version 17
VisualStudioVersion = 17.11.35312.102
MinimumVisualStudioVersion = 10.0.40219.1
Project("{FAE04EC0-301F-11D3-BF4B-00C04F79EFBC}") = "ECDiffieHellman", "ECDiffieHellman.csproj", "{356B6D49-C86C-4047-9049-7A5CBB76B5FC}"
EndProject
Global
	GlobalSection(SolutionConfigurationPlatforms) = preSolution
		Debug|Any CPU = Debug|Any CPU
		Release|Any CPU = Release|Any CPU
	EndGlobalSection
	GlobalSection(ProjectConfigurationPlatforms) = postSolution
		{356B6D49-C86C-4047-9049-7A5CBB76B5FC}.Debug|Any CPU.ActiveCfg = Debug|Any CPU
		{356B6D49-C86C-4047-9049-7A5CBB76B5FC}.Debug|Any CPU.Build.0 = Debug|Any CPU
		{356B6D49-C86C-4047-9049-7A5CBB76B5FC}.Release|Any CPU.ActiveCfg = Release|Any CPU
		{356B6D49-C86C-4047-9049-7A5CBB76B5FC}.Release|Any CPU.Build.0 = Release|Any CPU
	EndGlobalSection
	GlobalSection(SolutionProperties) = preSolution
		HideSolutionNode = FALSE
	EndGlobalSection
	GlobalSection(ExtensibilityGlobals) = postSolution
		SolutionGuid = {16BC8BA3-DC85-455F-BC01-8500910A1A8D}
	EndGlobalSection
EndGlobal
